
Microsoft Visual Studio Solution File, Format Version 12.00
# Visual Studio 15
Project("{FAE04EC0-301F-11D3-BF4B-00C04F79EFBC}") = "SignalR_Client.Android", "SignalR_Client.Android\SignalR_Client.Android.csproj", "{B41A42EC-D3A1-4C80-965F-2D66C05683AC}"
EndProject
Project("{FAE04EC0-301F-11D3-BF4B-00C04F79EFBC}") = "SignalR_Client.iOS", "SignalR_Client.iOS\SignalR_Client.iOS.csproj", "{D118EF27-07C5-4A55-96A2-E867773A3B87}"
EndProject
Project("{FAE04EC0-301F-11D3-BF4B-00C04F79EFBC}") = "SignalR_Client", "SignalR_Client\SignalR_Client.csproj", "{1A614591-785D-46C7-8543-3868E6286686}"
EndProject
Global
	GlobalSection(SolutionConfigurationPlatforms) = preSolution
		Debug|Any CPU = Debug|Any CPU
		Release|Any CPU = Release|Any CPU
		Debug|iPhoneSimulator = Debug|iPhoneSimulator
		Release|iPhoneSimulator = Release|iPhoneSimulator
		Debug|iPhone = Debug|iPhone
		Release|iPhone = Release|iPhone
	EndGlobalSection
	GlobalSection(ProjectConfigurationPlatforms) = postSolution
		{B41A42EC-D3A1-4C80-965F-2D66C05683AC}.Debug|Any CPU.ActiveCfg = Debug|Any CPU
		{B41A42EC-D3A1-4C80-965F-2D66C05683AC}.Debug|Any CPU.Build.0 = Debug|Any CPU
		{B41A42EC-D3A1-4C80-965F-2D66C05683AC}.Release|Any CPU.ActiveCfg = Release|Any CPU
		{B41A42EC-D3A1-4C80-965F-2D66C05683AC}.Release|Any CPU.Build.0 = Release|Any CPU
		{B41A42EC-D3A1-4C80-965F-2D66C05683AC}.Debug|iPhoneSimulator.ActiveCfg = Debug|Any CPU
		{B41A42EC-D3A1-4C80-965F-2D66C05683AC}.Debug|iPhoneSimulator.Build.0 = Debug|Any CPU
		{B41A42EC-D3A1-4C80-965F-2D66C05683AC}.Release|iPhoneSimulator.ActiveCfg = Release|Any CPU
		{B41A42EC-D3A1-4C80-965F-2D66C05683AC}.Release|iPhoneSimulator.Build.0 = Release|Any CPU
		{B41A42EC-D3A1-4C80-965F-2D66C05683AC}.Debug|iPhone.ActiveCfg = Debug|Any CPU
		{B41A42EC-D3A1-4C80-965F-2D66C05683AC}.Debug|iPhone.Build.0 = Debug|Any CPU
		{B41A42EC-D3A1-4C80-965F-2D66C05683AC}.Release|iPhone.ActiveCfg = Release|Any CPU
		{B41A42EC-D3A1-4C80-965F-2D66C05683AC}.Release|iPhone.Build.0 = Release|Any CPU
		{D118EF27-07C5-4A55-96A2-E867773A3B87}.Debug|Any CPU.ActiveCfg = Debug|iPhoneSimulator
		{D118EF27-07C5-4A55-96A2-E867773A3B87}.Debug|Any CPU.Build.0 = Debug|iPhoneSimulator
		{D118EF27-07C5-4A55-96A2-E867773A3B87}.Release|Any CPU.ActiveCfg = Release|iPhoneSimulator
		{D118EF27-07C5-4A55-96A2-E867773A3B87}.Release|Any CPU.Build.0 = Release|iPhoneSimulator
		{D118EF27-07C5-4A55-96A2-E867773A3B87}.Debug|iPhoneSimulator.ActiveCfg = Debug|iPhoneSimulator
		{D118EF27-07C5-4A55-96A2-E867773A3B87}.Debug|iPhoneSimulator.Build.0 = Debug|iPhoneSimulator
		{D118EF27-07C5-4A55-96A2-E867773A3B87}.Release|iPhoneSimulator.ActiveCfg = Release|iPhoneSimulator
		{D118EF27-07C5-4A55-96A2-E867773A3B87}.Release|iPhoneSimulator.Build.0 = Release|iPhoneSimulator
		{D118EF27-07C5-4A55-96A2-E867773A3B87}.Debug|iPhone.ActiveCfg = Debug|iPhone
		{D118EF27-07C5-4A55-96A2-E867773A3B87}.Debug|iPhone.Build.0 = Debug|iPhone
		{D118EF27-07C5-4A55-96A2-E867773A3B87}.Release|iPhone.ActiveCfg = Release|iPhone
		{D118EF27-07C5-4A55-96A2-E867773A3B87}.Release|iPhone.Build.0 = Release|iPhone
		{1A614591-785D-46C7-8543-3868E6286686}.Debug|Any CPU.ActiveCfg = Debug|Any CPU
		{1A614591-785D-46C7-8543-3868E6286686}.Debug|Any CPU.Build.0 = Debug|Any CPU
		{1A614591-785D-46C7-8543-3868E6286686}.Release|Any CPU.ActiveCfg = Release|Any CPU
		{1A614591-785D-46C7-8543-3868E6286686}.Release|Any CPU.Build.0 = Release|Any CPU
		{1A614591-785D-46C7-8543-3868E6286686}.Debug|iPhoneSimulator.ActiveCfg = Debug|Any CPU
		{1A614591-785D-46C7-8543-3868E6286686}.Debug|iPhoneSimulator.Build.0 = Debug|Any CPU
		{1A614591-785D-46C7-8543-3868E6286686}.Release|iPhoneSimulator.ActiveCfg = Release|Any CPU
		{1A614591-785D-46C7-8543-3868E6286686}.Release|iPhoneSimulator.Build.0 = Release|Any CPU
		{1A614591-785D-46C7-8543-3868E6286686}.Debug|iPhone.ActiveCfg = Debug|Any CPU
		{1A614591-785D-46C7-8543-3868E6286686}.Debug|iPhone.Build.0 = Debug|Any CPU
		{1A614591-785D-46C7-8543-3868E6286686}.Release|iPhone.ActiveCfg = Release|Any CPU
		{1A614591-785D-46C7-8543-3868E6286686}.Release|iPhone.Build.0 = Release|Any CPU
	EndGlobalSection
EndGlobal
